// !$*UTF8*$!
{
	archiveVersion = 1;
	classes = {
	};
	objectVersion = 46;
	objects = {

/* Begin PBXBuildFile section */
		43B6A79FE3C5A29C55AE6C9A /* Pods_MHSLife.framework in Frameworks */ = {isa = PBXBuildFile; fileRef = C18F10B14D23FC0D356EEC34 /* Pods_MHSLife.framework */; };
		84263FFC1D4885DC00DDBAD8 /* RegisterController.swift in Sources */ = {isa = PBXBuildFile; fileRef = 84263FFB1D4885DC00DDBAD8 /* RegisterController.swift */; };
		84263FFD1D4885DC00DDBAD8 /* RegisterController.swift in Sources */ = {isa = PBXBuildFile; fileRef = 84263FFB1D4885DC00DDBAD8 /* RegisterController.swift */; };
		84263FFE1D4885DC00DDBAD8 /* RegisterController.swift in Sources */ = {isa = PBXBuildFile; fileRef = 84263FFB1D4885DC00DDBAD8 /* RegisterController.swift */; };
		842640001D49E6E400DDBAD8 /* HomeController.swift in Sources */ = {isa = PBXBuildFile; fileRef = 84263FFF1D49E6E400DDBAD8 /* HomeController.swift */; };
		842640011D49E6E400DDBAD8 /* HomeController.swift in Sources */ = {isa = PBXBuildFile; fileRef = 84263FFF1D49E6E400DDBAD8 /* HomeController.swift */; };
		842640021D49E6E400DDBAD8 /* HomeController.swift in Sources */ = {isa = PBXBuildFile; fileRef = 84263FFF1D49E6E400DDBAD8 /* HomeController.swift */; };
		842640041D49E85200DDBAD8 /* UserModel.swift in Sources */ = {isa = PBXBuildFile; fileRef = 842640031D49E85200DDBAD8 /* UserModel.swift */; };
		842640051D49E85200DDBAD8 /* UserModel.swift in Sources */ = {isa = PBXBuildFile; fileRef = 842640031D49E85200DDBAD8 /* UserModel.swift */; };
		842640061D49E85200DDBAD8 /* UserModel.swift in Sources */ = {isa = PBXBuildFile; fileRef = 842640031D49E85200DDBAD8 /* UserModel.swift */; };
		8426400B1D4AD06300DDBAD8 /* Sketch College.ttf in Resources */ = {isa = PBXBuildFile; fileRef = 8426400A1D4AD06300DDBAD8 /* Sketch College.ttf */; };
		8426400C1D4AD06300DDBAD8 /* Sketch College.ttf in Resources */ = {isa = PBXBuildFile; fileRef = 8426400A1D4AD06300DDBAD8 /* Sketch College.ttf */; };
		8426400D1D4AD06300DDBAD8 /* Sketch College.ttf in Resources */ = {isa = PBXBuildFile; fileRef = 8426400A1D4AD06300DDBAD8 /* Sketch College.ttf */; };
		8426400F1D4AE19200DDBAD8 /* KGDefyingGravity.ttf in Resources */ = {isa = PBXBuildFile; fileRef = 8426400E1D4AE19200DDBAD8 /* KGDefyingGravity.ttf */; };
		842640101D4AE19200DDBAD8 /* KGDefyingGravity.ttf in Resources */ = {isa = PBXBuildFile; fileRef = 8426400E1D4AE19200DDBAD8 /* KGDefyingGravity.ttf */; };
		842640111D4AE19200DDBAD8 /* KGDefyingGravity.ttf in Resources */ = {isa = PBXBuildFile; fileRef = 8426400E1D4AE19200DDBAD8 /* KGDefyingGravity.ttf */; };
		8426B1F31D569BE800D2EF7F /* EventModel.swift in Sources */ = {isa = PBXBuildFile; fileRef = 8426B1F21D569BE800D2EF7F /* EventModel.swift */; };
		8426B1F91D571A0900D2EF7F /* EventController.swift in Sources */ = {isa = PBXBuildFile; fileRef = 8426B1F81D571A0900D2EF7F /* EventController.swift */; };
		8426B1FA1D571A0900D2EF7F /* EventController.swift in Sources */ = {isa = PBXBuildFile; fileRef = 8426B1F81D571A0900D2EF7F /* EventController.swift */; };
		8426B1FB1D571A0900D2EF7F /* EventController.swift in Sources */ = {isa = PBXBuildFile; fileRef = 8426B1F81D571A0900D2EF7F /* EventController.swift */; };
		8426B1FD1D57C70500D2EF7F /* Rounded_Elegance.ttf in Resources */ = {isa = PBXBuildFile; fileRef = 8426B1FC1D57C70500D2EF7F /* Rounded_Elegance.ttf */; };
		8426B1FE1D57C70500D2EF7F /* Rounded_Elegance.ttf in Resources */ = {isa = PBXBuildFile; fileRef = 8426B1FC1D57C70500D2EF7F /* Rounded_Elegance.ttf */; };
		8426B1FF1D57C70500D2EF7F /* Rounded_Elegance.ttf in Resources */ = {isa = PBXBuildFile; fileRef = 8426B1FC1D57C70500D2EF7F /* Rounded_Elegance.ttf */; };
		8426B2011D57C71F00D2EF7F /* Biko_Regular.otf in Resources */ = {isa = PBXBuildFile; fileRef = 8426B2001D57C71F00D2EF7F /* Biko_Regular.otf */; };
		8426B2021D57C71F00D2EF7F /* Biko_Regular.otf in Resources */ = {isa = PBXBuildFile; fileRef = 8426B2001D57C71F00D2EF7F /* Biko_Regular.otf */; };
		8426B2031D57C71F00D2EF7F /* Biko_Regular.otf in Resources */ = {isa = PBXBuildFile; fileRef = 8426B2001D57C71F00D2EF7F /* Biko_Regular.otf */; };
		8426B20D1D57CCBD00D2EF7F /* KGMissKindyChunky.ttf in Resources */ = {isa = PBXBuildFile; fileRef = 8426B20C1D57CCBD00D2EF7F /* KGMissKindyChunky.ttf */; };
		8426B20E1D57CCBD00D2EF7F /* KGMissKindyChunky.ttf in Resources */ = {isa = PBXBuildFile; fileRef = 8426B20C1D57CCBD00D2EF7F /* KGMissKindyChunky.ttf */; };
		8426B20F1D57CCBD00D2EF7F /* KGMissKindyChunky.ttf in Resources */ = {isa = PBXBuildFile; fileRef = 8426B20C1D57CCBD00D2EF7F /* KGMissKindyChunky.ttf */; };
		8426B2111D57DD2C00D2EF7F /* CreditsController.swift in Sources */ = {isa = PBXBuildFile; fileRef = 8426B2101D57DD2C00D2EF7F /* CreditsController.swift */; };
		8426B2121D57DD2C00D2EF7F /* CreditsController.swift in Sources */ = {isa = PBXBuildFile; fileRef = 8426B2101D57DD2C00D2EF7F /* CreditsController.swift */; };
		8426B2131D57DD2C00D2EF7F /* CreditsController.swift in Sources */ = {isa = PBXBuildFile; fileRef = 8426B2101D57DD2C00D2EF7F /* CreditsController.swift */; };
		8426B2151D57E21400D2EF7F /* The_Juke_Box-FFP.otf in Resources */ = {isa = PBXBuildFile; fileRef = 8426B2141D57E21400D2EF7F /* The_Juke_Box-FFP.otf */; };
		8426B2161D57E21400D2EF7F /* The_Juke_Box-FFP.otf in Resources */ = {isa = PBXBuildFile; fileRef = 8426B2141D57E21400D2EF7F /* The_Juke_Box-FFP.otf */; };
		8426B2171D57E21400D2EF7F /* The_Juke_Box-FFP.otf in Resources */ = {isa = PBXBuildFile; fileRef = 8426B2141D57E21400D2EF7F /* The_Juke_Box-FFP.otf */; };
		845129241D4EA709000DD6CC /* GroupSearchController.swift in Sources */ = {isa = PBXBuildFile; fileRef = 845129231D4EA709000DD6CC /* GroupSearchController.swift */; };
		845129251D4EA709000DD6CC /* GroupSearchController.swift in Sources */ = {isa = PBXBuildFile; fileRef = 845129231D4EA709000DD6CC /* GroupSearchController.swift */; };
		845129261D4EA709000DD6CC /* GroupSearchController.swift in Sources */ = {isa = PBXBuildFile; fileRef = 845129231D4EA709000DD6CC /* GroupSearchController.swift */; };
		845129281D4EA765000DD6CC /* GroupModel.swift in Sources */ = {isa = PBXBuildFile; fileRef = 845129271D4EA765000DD6CC /* GroupModel.swift */; };
		845129291D4EA765000DD6CC /* GroupModel.swift in Sources */ = {isa = PBXBuildFile; fileRef = 845129271D4EA765000DD6CC /* GroupModel.swift */; };
		8451292A1D4EA765000DD6CC /* GroupModel.swift in Sources */ = {isa = PBXBuildFile; fileRef = 845129271D4EA765000DD6CC /* GroupModel.swift */; };
		8451292E1D4EB101000DD6CC /* GroupCell.swift in Sources */ = {isa = PBXBuildFile; fileRef = 8451292C1D4EB101000DD6CC /* GroupCell.swift */; };
		8451292F1D4EB101000DD6CC /* GroupCell.swift in Sources */ = {isa = PBXBuildFile; fileRef = 8451292C1D4EB101000DD6CC /* GroupCell.swift */; };
		845129301D4EB101000DD6CC /* GroupCell.swift in Sources */ = {isa = PBXBuildFile; fileRef = 8451292C1D4EB101000DD6CC /* GroupCell.swift */; };
		845129311D4EB101000DD6CC /* GroupCell.xib in Resources */ = {isa = PBXBuildFile; fileRef = 8451292D1D4EB101000DD6CC /* GroupCell.xib */; };
		845129321D4EB101000DD6CC /* GroupCell.xib in Resources */ = {isa = PBXBuildFile; fileRef = 8451292D1D4EB101000DD6CC /* GroupCell.xib */; };
		845129331D4EB101000DD6CC /* GroupCell.xib in Resources */ = {isa = PBXBuildFile; fileRef = 8451292D1D4EB101000DD6CC /* GroupCell.xib */; };
		8451293A1D4F08DE000DD6CC /* FavoriteControl.swift in Sources */ = {isa = PBXBuildFile; fileRef = 845129391D4F08DE000DD6CC /* FavoriteControl.swift */; };
		8451293B1D4F08DE000DD6CC /* FavoriteControl.swift in Sources */ = {isa = PBXBuildFile; fileRef = 845129391D4F08DE000DD6CC /* FavoriteControl.swift */; };
		8451293C1D4F08DE000DD6CC /* FavoriteControl.swift in Sources */ = {isa = PBXBuildFile; fileRef = 845129391D4F08DE000DD6CC /* FavoriteControl.swift */; };
		84900E841D4DEB880056D174 /* CalendarController.swift in Sources */ = {isa = PBXBuildFile; fileRef = 84900E831D4DEB880056D174 /* CalendarController.swift */; };
		84900E851D4DEB880056D174 /* CalendarController.swift in Sources */ = {isa = PBXBuildFile; fileRef = 84900E831D4DEB880056D174 /* CalendarController.swift */; };
		84900E861D4DEB880056D174 /* CalendarController.swift in Sources */ = {isa = PBXBuildFile; fileRef = 84900E831D4DEB880056D174 /* CalendarController.swift */; };
		84CD6B551D459E6800696DE7 /* AppDelegate.swift in Sources */ = {isa = PBXBuildFile; fileRef = 84CD6B541D459E6800696DE7 /* AppDelegate.swift */; };
		84CD6B571D459E6800696DE7 /* LoginController.swift in Sources */ = {isa = PBXBuildFile; fileRef = 84CD6B561D459E6800696DE7 /* LoginController.swift */; };
		84CD6B5A1D459E6800696DE7 /* Main.storyboard in Resources */ = {isa = PBXBuildFile; fileRef = 84CD6B581D459E6800696DE7 /* Main.storyboard */; };
		84CD6B5D1D459E6800696DE7 /* MHSLife.xcdatamodeld in Sources */ = {isa = PBXBuildFile; fileRef = 84CD6B5B1D459E6800696DE7 /* MHSLife.xcdatamodeld */; };
		84CD6B5F1D459E6800696DE7 /* Assets.xcassets in Resources */ = {isa = PBXBuildFile; fileRef = 84CD6B5E1D459E6800696DE7 /* Assets.xcassets */; };
		84CD6B621D459E6800696DE7 /* LaunchScreen.storyboard in Resources */ = {isa = PBXBuildFile; fileRef = 84CD6B601D459E6800696DE7 /* LaunchScreen.storyboard */; };
		84CD6B6D1D459E6900696DE7 /* MHSLifeTests.swift in Sources */ = {isa = PBXBuildFile; fileRef = 84CD6B6C1D459E6900696DE7 /* MHSLifeTests.swift */; };
		84CD6B781D459E6900696DE7 /* MHSLifeUITests.swift in Sources */ = {isa = PBXBuildFile; fileRef = 84CD6B771D459E6900696DE7 /* MHSLifeUITests.swift */; };
		84CD6B861D45A10800696DE7 /* GoogleService-Info.plist in Resources */ = {isa = PBXBuildFile; fileRef = 84CD6B851D45A10800696DE7 /* GoogleService-Info.plist */; };
/* End PBXBuildFile section */

/* Begin PBXContainerItemProxy section */
		84CD6B691D459E6900696DE7 /* PBXContainerItemProxy */ = {
			isa = PBXContainerItemProxy;
			containerPortal = 84CD6B491D459E6400696DE7 /* Project object */;
			proxyType = 1;
			remoteGlobalIDString = 84CD6B501D459E6500696DE7;
			remoteInfo = MHSLife;
		};
		84CD6B741D459E6900696DE7 /* PBXContainerItemProxy */ = {
			isa = PBXContainerItemProxy;
			containerPortal = 84CD6B491D459E6400696DE7 /* Project object */;
			proxyType = 1;
			remoteGlobalIDString = 84CD6B501D459E6500696DE7;
			remoteInfo = MHSLife;
		};
/* End PBXContainerItemProxy section */

/* Begin PBXFileReference section */
		2509E68B183C90AB41EBFEB7 /* Pods-MHSLife.debug.xcconfig */ = {isa = PBXFileReference; includeInIndex = 1; lastKnownFileType = text.xcconfig; name = "Pods-MHSLife.debug.xcconfig"; path = "Pods/Target Support Files/Pods-MHSLife/Pods-MHSLife.debug.xcconfig"; sourceTree = "<group>"; };
		546229BD17D92126D34F6C65 /* Pods-MHSLife.release.xcconfig */ = {isa = PBXFileReference; includeInIndex = 1; lastKnownFileType = text.xcconfig; name = "Pods-MHSLife.release.xcconfig"; path = "Pods/Target Support Files/Pods-MHSLife/Pods-MHSLife.release.xcconfig"; sourceTree = "<group>"; };
		84263FEE1D487E6B00DDBAD8 /* MHSLife-Bridging-Header.h */ = {isa = PBXFileReference; fileEncoding = 4; lastKnownFileType = sourcecode.c.h; path = "MHSLife-Bridging-Header.h"; sourceTree = "<group>"; };
		84263FFB1D4885DC00DDBAD8 /* RegisterController.swift */ = {isa = PBXFileReference; fileEncoding = 4; lastKnownFileType = sourcecode.swift; path = RegisterController.swift; sourceTree = "<group>"; };
		84263FFF1D49E6E400DDBAD8 /* HomeController.swift */ = {isa = PBXFileReference; fileEncoding = 4; lastKnownFileType = sourcecode.swift; path = HomeController.swift; sourceTree = "<group>"; };
		842640031D49E85200DDBAD8 /* UserModel.swift */ = {isa = PBXFileReference; fileEncoding = 4; lastKnownFileType = sourcecode.swift; path = UserModel.swift; sourceTree = "<group>"; };
		8426400A1D4AD06300DDBAD8 /* Sketch College.ttf */ = {isa = PBXFileReference; lastKnownFileType = file; path = "Sketch College.ttf"; sourceTree = "<group>"; };
		8426400E1D4AE19200DDBAD8 /* KGDefyingGravity.ttf */ = {isa = PBXFileReference; lastKnownFileType = file; path = KGDefyingGravity.ttf; sourceTree = "<group>"; };
		8426B1F21D569BE800D2EF7F /* EventModel.swift */ = {isa = PBXFileReference; fileEncoding = 4; lastKnownFileType = sourcecode.swift; path = EventModel.swift; sourceTree = "<group>"; };
		8426B1F81D571A0900D2EF7F /* EventController.swift */ = {isa = PBXFileReference; fileEncoding = 4; lastKnownFileType = sourcecode.swift; path = EventController.swift; sourceTree = "<group>"; };
		8426B1FC1D57C70500D2EF7F /* Rounded_Elegance.ttf */ = {isa = PBXFileReference; lastKnownFileType = file; path = Rounded_Elegance.ttf; sourceTree = "<group>"; };
		8426B2001D57C71F00D2EF7F /* Biko_Regular.otf */ = {isa = PBXFileReference; lastKnownFileType = file; path = Biko_Regular.otf; sourceTree = "<group>"; };
		8426B20C1D57CCBD00D2EF7F /* KGMissKindyChunky.ttf */ = {isa = PBXFileReference; lastKnownFileType = file; path = KGMissKindyChunky.ttf; sourceTree = "<group>"; };
		8426B2101D57DD2C00D2EF7F /* CreditsController.swift */ = {isa = PBXFileReference; fileEncoding = 4; lastKnownFileType = sourcecode.swift; path = CreditsController.swift; sourceTree = "<group>"; };
		8426B2141D57E21400D2EF7F /* The_Juke_Box-FFP.otf */ = {isa = PBXFileReference; lastKnownFileType = file; path = "The_Juke_Box-FFP.otf"; sourceTree = "<group>"; };
		845129231D4EA709000DD6CC /* GroupSearchController.swift */ = {isa = PBXFileReference; fileEncoding = 4; lastKnownFileType = sourcecode.swift; path = GroupSearchController.swift; sourceTree = "<group>"; };
		845129271D4EA765000DD6CC /* GroupModel.swift */ = {isa = PBXFileReference; fileEncoding = 4; lastKnownFileType = sourcecode.swift; path = GroupModel.swift; sourceTree = "<group>"; };
		8451292C1D4EB101000DD6CC /* GroupCell.swift */ = {isa = PBXFileReference; fileEncoding = 4; lastKnownFileType = sourcecode.swift; path = GroupCell.swift; sourceTree = "<group>"; };
		8451292D1D4EB101000DD6CC /* GroupCell.xib */ = {isa = PBXFileReference; fileEncoding = 4; lastKnownFileType = file.xib; path = GroupCell.xib; sourceTree = "<group>"; };
		845129391D4F08DE000DD6CC /* FavoriteControl.swift */ = {isa = PBXFileReference; fileEncoding = 4; lastKnownFileType = sourcecode.swift; path = FavoriteControl.swift; sourceTree = "<group>"; };
		84900E831D4DEB880056D174 /* CalendarController.swift */ = {isa = PBXFileReference; fileEncoding = 4; lastKnownFileType = sourcecode.swift; path = CalendarController.swift; sourceTree = "<group>"; };
		84CD6B511D459E6500696DE7 /* MHSLife.app */ = {isa = PBXFileReference; explicitFileType = wrapper.application; includeInIndex = 0; path = MHSLife.app; sourceTree = BUILT_PRODUCTS_DIR; };
		84CD6B541D459E6800696DE7 /* AppDelegate.swift */ = {isa = PBXFileReference; lastKnownFileType = sourcecode.swift; path = AppDelegate.swift; sourceTree = "<group>"; };
		84CD6B561D459E6800696DE7 /* LoginController.swift */ = {isa = PBXFileReference; lastKnownFileType = sourcecode.swift; path = LoginController.swift; sourceTree = "<group>"; };
		84CD6B591D459E6800696DE7 /* Base */ = {isa = PBXFileReference; lastKnownFileType = file.storyboard; name = Base; path = Base.lproj/Main.storyboard; sourceTree = "<group>"; };
		84CD6B5C1D459E6800696DE7 /* MHSLife.xcdatamodel */ = {isa = PBXFileReference; lastKnownFileType = wrapper.xcdatamodel; path = MHSLife.xcdatamodel; sourceTree = "<group>"; };
		84CD6B5E1D459E6800696DE7 /* Assets.xcassets */ = {isa = PBXFileReference; lastKnownFileType = folder.assetcatalog; path = Assets.xcassets; sourceTree = "<group>"; };
		84CD6B611D459E6800696DE7 /* Base */ = {isa = PBXFileReference; lastKnownFileType = file.storyboard; name = Base; path = Base.lproj/LaunchScreen.storyboard; sourceTree = "<group>"; };
		84CD6B631D459E6800696DE7 /* Info.plist */ = {isa = PBXFileReference; lastKnownFileType = text.plist.xml; path = Info.plist; sourceTree = "<group>"; };
		84CD6B681D459E6900696DE7 /* MHSLifeTests.xctest */ = {isa = PBXFileReference; explicitFileType = wrapper.cfbundle; includeInIndex = 0; path = MHSLifeTests.xctest; sourceTree = BUILT_PRODUCTS_DIR; };
		84CD6B6C1D459E6900696DE7 /* MHSLifeTests.swift */ = {isa = PBXFileReference; lastKnownFileType = sourcecode.swift; path = MHSLifeTests.swift; sourceTree = "<group>"; };
		84CD6B6E1D459E6900696DE7 /* Info.plist */ = {isa = PBXFileReference; lastKnownFileType = text.plist.xml; path = Info.plist; sourceTree = "<group>"; };
		84CD6B731D459E6900696DE7 /* MHSLifeUITests.xctest */ = {isa = PBXFileReference; explicitFileType = wrapper.cfbundle; includeInIndex = 0; path = MHSLifeUITests.xctest; sourceTree = BUILT_PRODUCTS_DIR; };
		84CD6B771D459E6900696DE7 /* MHSLifeUITests.swift */ = {isa = PBXFileReference; lastKnownFileType = sourcecode.swift; path = MHSLifeUITests.swift; sourceTree = "<group>"; };
		84CD6B791D459E6900696DE7 /* Info.plist */ = {isa = PBXFileReference; lastKnownFileType = text.plist.xml; path = Info.plist; sourceTree = "<group>"; };
		84CD6B851D45A10800696DE7 /* GoogleService-Info.plist */ = {isa = PBXFileReference; fileEncoding = 4; lastKnownFileType = text.plist.xml; path = "GoogleService-Info.plist"; sourceTree = "<group>"; };
		C18F10B14D23FC0D356EEC34 /* Pods_MHSLife.framework */ = {isa = PBXFileReference; explicitFileType = wrapper.framework; includeInIndex = 0; path = Pods_MHSLife.framework; sourceTree = BUILT_PRODUCTS_DIR; };
/* End PBXFileReference section */

/* Begin PBXFrameworksBuildPhase section */
		84CD6B4E1D459E6500696DE7 /* Frameworks */ = {
			isa = PBXFrameworksBuildPhase;
			buildActionMask = 2147483647;
			files = (
				43B6A79FE3C5A29C55AE6C9A /* Pods_MHSLife.framework in Frameworks */,
			);
			runOnlyForDeploymentPostprocessing = 0;
		};
		84CD6B651D459E6900696DE7 /* Frameworks */ = {
			isa = PBXFrameworksBuildPhase;
			buildActionMask = 2147483647;
			files = (
			);
			runOnlyForDeploymentPostprocessing = 0;
		};
		84CD6B701D459E6900696DE7 /* Frameworks */ = {
			isa = PBXFrameworksBuildPhase;
			buildActionMask = 2147483647;
			files = (
			);
			runOnlyForDeploymentPostprocessing = 0;
		};
/* End PBXFrameworksBuildPhase section */

/* Begin PBXGroup section */
		0A92CA4F65739EEC82B87E6E /* Pods */ = {
			isa = PBXGroup;
			children = (
				2509E68B183C90AB41EBFEB7 /* Pods-MHSLife.debug.xcconfig */,
				546229BD17D92126D34F6C65 /* Pods-MHSLife.release.xcconfig */,
			);
			name = Pods;
			sourceTree = "<group>";
		};
		842640071D49F55B00DDBAD8 /* Models */ = {
			isa = PBXGroup;
			children = (
				842640031D49E85200DDBAD8 /* UserModel.swift */,
				845129271D4EA765000DD6CC /* GroupModel.swift */,
				8426B1F21D569BE800D2EF7F /* EventModel.swift */,
			);
			name = Models;
			sourceTree = "<group>";
		};
		842640081D4AB04600DDBAD8 /* Controllers */ = {
			isa = PBXGroup;
			children = (
				84CD6B561D459E6800696DE7 /* LoginController.swift */,
				84263FFB1D4885DC00DDBAD8 /* RegisterController.swift */,
				84263FFF1D49E6E400DDBAD8 /* HomeController.swift */,
				84900E831D4DEB880056D174 /* CalendarController.swift */,
				845129231D4EA709000DD6CC /* GroupSearchController.swift */,
				8426B1F81D571A0900D2EF7F /* EventController.swift */,
				8426B2101D57DD2C00D2EF7F /* CreditsController.swift */,
			);
			name = Controllers;
			sourceTree = "<group>";
		};
		842640091D4AD03500DDBAD8 /* fonts */ = {
			isa = PBXGroup;
			children = (
				8426400E1D4AE19200DDBAD8 /* KGDefyingGravity.ttf */,
				8426400A1D4AD06300DDBAD8 /* Sketch College.ttf */,
				8426B1FC1D57C70500D2EF7F /* Rounded_Elegance.ttf */,
				8426B2001D57C71F00D2EF7F /* Biko_Regular.otf */,
				8426B20C1D57CCBD00D2EF7F /* KGMissKindyChunky.ttf */,
				8426B2141D57E21400D2EF7F /* The_Juke_Box-FFP.otf */,
			);
			name = fonts;
			sourceTree = "<group>";
		};
		8451292B1D4EB08F000DD6CC /* Cells */ = {
			isa = PBXGroup;
			children = (
				8451292C1D4EB101000DD6CC /* GroupCell.swift */,
				8451292D1D4EB101000DD6CC /* GroupCell.xib */,
			);
			name = Cells;
			sourceTree = "<group>";
		};
		845129341D4F062B000DD6CC /* Buttons */ = {
			isa = PBXGroup;
			children = (
				845129391D4F08DE000DD6CC /* FavoriteControl.swift */,
			);
			name = Buttons;
			sourceTree = "<group>";
		};
		84CD6B481D459E6400696DE7 = {
			isa = PBXGroup;
			children = (
				84CD6B531D459E6700696DE7 /* MHSLife */,
				84CD6B6B1D459E6900696DE7 /* MHSLifeTests */,
				84CD6B761D459E6900696DE7 /* MHSLifeUITests */,
				84CD6B521D459E6500696DE7 /* Products */,
				0A92CA4F65739EEC82B87E6E /* Pods */,
				C1846C34251663A68EEB22AF /* Frameworks */,
			);
			sourceTree = "<group>";
		};
		84CD6B521D459E6500696DE7 /* Products */ = {
			isa = PBXGroup;
			children = (
				84CD6B511D459E6500696DE7 /* MHSLife.app */,
				84CD6B681D459E6900696DE7 /* MHSLifeTests.xctest */,
				84CD6B731D459E6900696DE7 /* MHSLifeUITests.xctest */,
			);
			name = Products;
			sourceTree = "<group>";
		};
		84CD6B531D459E6700696DE7 /* MHSLife */ = {
			isa = PBXGroup;
			children = (
				845129341D4F062B000DD6CC /* Buttons */,
				8451292B1D4EB08F000DD6CC /* Cells */,
				842640091D4AD03500DDBAD8 /* fonts */,
				842640081D4AB04600DDBAD8 /* Controllers */,
				842640071D49F55B00DDBAD8 /* Models */,
				84CD6B851D45A10800696DE7 /* GoogleService-Info.plist */,
				84CD6B541D459E6800696DE7 /* AppDelegate.swift */,
				84CD6B581D459E6800696DE7 /* Main.storyboard */,
				84CD6B5E1D459E6800696DE7 /* Assets.xcassets */,
				84CD6B601D459E6800696DE7 /* LaunchScreen.storyboard */,
				84CD6B631D459E6800696DE7 /* Info.plist */,
				84CD6B5B1D459E6800696DE7 /* MHSLife.xcdatamodeld */,
				84263FEE1D487E6B00DDBAD8 /* MHSLife-Bridging-Header.h */,
			);
			path = MHSLife;
			sourceTree = "<group>";
		};
		84CD6B6B1D459E6900696DE7 /* MHSLifeTests */ = {
			isa = PBXGroup;
			children = (
				84CD6B6C1D459E6900696DE7 /* MHSLifeTests.swift */,
				84CD6B6E1D459E6900696DE7 /* Info.plist */,
			);
			path = MHSLifeTests;
			sourceTree = "<group>";
		};
		84CD6B761D459E6900696DE7 /* MHSLifeUITests */ = {
			isa = PBXGroup;
			children = (
				84CD6B771D459E6900696DE7 /* MHSLifeUITests.swift */,
				84CD6B791D459E6900696DE7 /* Info.plist */,
			);
			path = MHSLifeUITests;
			sourceTree = "<group>";
		};
		C1846C34251663A68EEB22AF /* Frameworks */ = {
			isa = PBXGroup;
			children = (
				C18F10B14D23FC0D356EEC34 /* Pods_MHSLife.framework */,
			);
			name = Frameworks;
			sourceTree = "<group>";
		};
/* End PBXGroup section */

/* Begin PBXNativeTarget section */
		84CD6B501D459E6500696DE7 /* MHSLife */ = {
			isa = PBXNativeTarget;
			buildConfigurationList = 84CD6B7C1D459E6900696DE7 /* Build configuration list for PBXNativeTarget "MHSLife" */;
			buildPhases = (
				E8F77F2A4D15C95B1CE7FD1C /* [CP] Check Pods Manifest.lock */,
				84CD6B4D1D459E6500696DE7 /* Sources */,
				84CD6B4E1D459E6500696DE7 /* Frameworks */,
				84CD6B4F1D459E6500696DE7 /* Resources */,
				85277ECA8ECFA46049723063 /* [CP] Embed Pods Frameworks */,
				5BF76F1BE39A4FBFDCC50773 /* [CP] Copy Pods Resources */,
			);
			buildRules = (
			);
			dependencies = (
			);
			name = MHSLife;
			productName = MHSLife;
			productReference = 84CD6B511D459E6500696DE7 /* MHSLife.app */;
			productType = "com.apple.product-type.application";
		};
		84CD6B671D459E6900696DE7 /* MHSLifeTests */ = {
			isa = PBXNativeTarget;
			buildConfigurationList = 84CD6B7F1D459E6900696DE7 /* Build configuration list for PBXNativeTarget "MHSLifeTests" */;
			buildPhases = (
				84CD6B641D459E6900696DE7 /* Sources */,
				84CD6B651D459E6900696DE7 /* Frameworks */,
				84CD6B661D459E6900696DE7 /* Resources */,
			);
			buildRules = (
			);
			dependencies = (
				84CD6B6A1D459E6900696DE7 /* PBXTargetDependency */,
			);
			name = MHSLifeTests;
			productName = MHSLifeTests;
			productReference = 84CD6B681D459E6900696DE7 /* MHSLifeTests.xctest */;
			productType = "com.apple.product-type.bundle.unit-test";
		};
		84CD6B721D459E6900696DE7 /* MHSLifeUITests */ = {
			isa = PBXNativeTarget;
			buildConfigurationList = 84CD6B821D459E6900696DE7 /* Build configuration list for PBXNativeTarget "MHSLifeUITests" */;
			buildPhases = (
				84CD6B6F1D459E6900696DE7 /* Sources */,
				84CD6B701D459E6900696DE7 /* Frameworks */,
				84CD6B711D459E6900696DE7 /* Resources */,
			);
			buildRules = (
			);
			dependencies = (
				84CD6B751D459E6900696DE7 /* PBXTargetDependency */,
			);
			name = MHSLifeUITests;
			productName = MHSLifeUITests;
			productReference = 84CD6B731D459E6900696DE7 /* MHSLifeUITests.xctest */;
			productType = "com.apple.product-type.bundle.ui-testing";
		};
/* End PBXNativeTarget section */

/* Begin PBXProject section */
		84CD6B491D459E6400696DE7 /* Project object */ = {
			isa = PBXProject;
			attributes = {
				LastSwiftUpdateCheck = 0730;
				LastUpgradeCheck = 0730;
				ORGANIZATIONNAME = admin;
				TargetAttributes = {
					84CD6B501D459E6500696DE7 = {
						CreatedOnToolsVersion = 7.3.1;
						DevelopmentTeam = B4KEJB9JE8;
						SystemCapabilities = {
							com.apple.BackgroundModes = {
								enabled = 1;
							};
							com.apple.Push = {
								enabled = 1;
							};
						};
					};
					84CD6B671D459E6900696DE7 = {
						CreatedOnToolsVersion = 7.3.1;
						TestTargetID = 84CD6B501D459E6500696DE7;
					};
					84CD6B721D459E6900696DE7 = {
						CreatedOnToolsVersion = 7.3.1;
						TestTargetID = 84CD6B501D459E6500696DE7;
					};
				};
			};
			buildConfigurationList = 84CD6B4C1D459E6400696DE7 /* Build configuration list for PBXProject "MHSLife" */;
			compatibilityVersion = "Xcode 3.2";
			developmentRegion = English;
			hasScannedForEncodings = 0;
			knownRegions = (
				en,
				Base,
			);
			mainGroup = 84CD6B481D459E6400696DE7;
			productRefGroup = 84CD6B521D459E6500696DE7 /* Products */;
			projectDirPath = "";
			projectRoot = "";
			targets = (
				84CD6B501D459E6500696DE7 /* MHSLife */,
				84CD6B671D459E6900696DE7 /* MHSLifeTests */,
				84CD6B721D459E6900696DE7 /* MHSLifeUITests */,
			);
		};
/* End PBXProject section */

/* Begin PBXResourcesBuildPhase section */
		84CD6B4F1D459E6500696DE7 /* Resources */ = {
			isa = PBXResourcesBuildPhase;
			buildActionMask = 2147483647;
			files = (
				8426400F1D4AE19200DDBAD8 /* KGDefyingGravity.ttf in Resources */,
				8426B2151D57E21400D2EF7F /* The_Juke_Box-FFP.otf in Resources */,
				84CD6B621D459E6800696DE7 /* LaunchScreen.storyboard in Resources */,
				84CD6B861D45A10800696DE7 /* GoogleService-Info.plist in Resources */,
				8426B2011D57C71F00D2EF7F /* Biko_Regular.otf in Resources */,
				84CD6B5F1D459E6800696DE7 /* Assets.xcassets in Resources */,
				8426B1FD1D57C70500D2EF7F /* Rounded_Elegance.ttf in Resources */,
				8426B20D1D57CCBD00D2EF7F /* KGMissKindyChunky.ttf in Resources */,
				84CD6B5A1D459E6800696DE7 /* Main.storyboard in Resources */,
				845129311D4EB101000DD6CC /* GroupCell.xib in Resources */,
				8426400B1D4AD06300DDBAD8 /* Sketch College.ttf in Resources */,
			);
			runOnlyForDeploymentPostprocessing = 0;
		};
		84CD6B661D459E6900696DE7 /* Resources */ = {
			isa = PBXResourcesBuildPhase;
			buildActionMask = 2147483647;
			files = (
				8426B1FE1D57C70500D2EF7F /* Rounded_Elegance.ttf in Resources */,
				842640101D4AE19200DDBAD8 /* KGDefyingGravity.ttf in Resources */,
				8426B2021D57C71F00D2EF7F /* Biko_Regular.otf in Resources */,
				845129321D4EB101000DD6CC /* GroupCell.xib in Resources */,
				8426B20E1D57CCBD00D2EF7F /* KGMissKindyChunky.ttf in Resources */,
				8426400C1D4AD06300DDBAD8 /* Sketch College.ttf in Resources */,
				8426B2161D57E21400D2EF7F /* The_Juke_Box-FFP.otf in Resources */,
			);
			runOnlyForDeploymentPostprocessing = 0;
		};
		84CD6B711D459E6900696DE7 /* Resources */ = {
			isa = PBXResourcesBuildPhase;
			buildActionMask = 2147483647;
			files = (
				8426B1FF1D57C70500D2EF7F /* Rounded_Elegance.ttf in Resources */,
				842640111D4AE19200DDBAD8 /* KGDefyingGravity.ttf in Resources */,
				8426B2031D57C71F00D2EF7F /* Biko_Regular.otf in Resources */,
				845129331D4EB101000DD6CC /* GroupCell.xib in Resources */,
				8426B20F1D57CCBD00D2EF7F /* KGMissKindyChunky.ttf in Resources */,
				8426400D1D4AD06300DDBAD8 /* Sketch College.ttf in Resources */,
				8426B2171D57E21400D2EF7F /* The_Juke_Box-FFP.otf in Resources */,
			);
			runOnlyForDeploymentPostprocessing = 0;
		};
/* End PBXResourcesBuildPhase section */

/* Begin PBXShellScriptBuildPhase section */
		5BF76F1BE39A4FBFDCC50773 /* [CP] Copy Pods Resources */ = {
			isa = PBXShellScriptBuildPhase;
			buildActionMask = 2147483647;
			files = (
			);
			inputPaths = (
			);
			name = "[CP] Copy Pods Resources";
			outputPaths = (
			);
			runOnlyForDeploymentPostprocessing = 0;
			shellPath = /bin/sh;
			shellScript = "\"${SRCROOT}/Pods/Target Support Files/Pods-MHSLife/Pods-MHSLife-resources.sh\"\n";
			showEnvVarsInLog = 0;
		};
		85277ECA8ECFA46049723063 /* [CP] Embed Pods Frameworks */ = {
			isa = PBXShellScriptBuildPhase;
			buildActionMask = 2147483647;
			files = (
			);
			inputPaths = (
			);
			name = "[CP] Embed Pods Frameworks";
			outputPaths = (
			);
			runOnlyForDeploymentPostprocessing = 0;
			shellPath = /bin/sh;
			shellScript = "\"${SRCROOT}/Pods/Target Support Files/Pods-MHSLife/Pods-MHSLife-frameworks.sh\"\n";
			showEnvVarsInLog = 0;
		};
		E8F77F2A4D15C95B1CE7FD1C /* [CP] Check Pods Manifest.lock */ = {
			isa = PBXShellScriptBuildPhase;
			buildActionMask = 2147483647;
			files = (
			);
			inputPaths = (
			);
			name = "[CP] Check Pods Manifest.lock";
			outputPaths = (
			);
			runOnlyForDeploymentPostprocessing = 0;
			shellPath = /bin/sh;
			shellScript = "diff \"${PODS_ROOT}/../Podfile.lock\" \"${PODS_ROOT}/Manifest.lock\" > /dev/null\nif [[ $? != 0 ]] ; then\n    cat << EOM\nerror: The sandbox is not in sync with the Podfile.lock. Run 'pod install' or update your CocoaPods installation.\nEOM\n    exit 1\nfi\n";
			showEnvVarsInLog = 0;
		};
/* End PBXShellScriptBuildPhase section */

/* Begin PBXSourcesBuildPhase section */
		84CD6B4D1D459E6500696DE7 /* Sources */ = {
			isa = PBXSourcesBuildPhase;
			buildActionMask = 2147483647;
			files = (
				84263FFC1D4885DC00DDBAD8 /* RegisterController.swift in Sources */,
				84CD6B571D459E6800696DE7 /* LoginController.swift in Sources */,
				845129281D4EA765000DD6CC /* GroupModel.swift in Sources */,
				84CD6B5D1D459E6800696DE7 /* MHSLife.xcdatamodeld in Sources */,
				8426B1F91D571A0900D2EF7F /* EventController.swift in Sources */,
				84900E841D4DEB880056D174 /* CalendarController.swift in Sources */,
				8451292E1D4EB101000DD6CC /* GroupCell.swift in Sources */,
				84CD6B551D459E6800696DE7 /* AppDelegate.swift in Sources */,
				8426B2111D57DD2C00D2EF7F /* CreditsController.swift in Sources */,
				845129241D4EA709000DD6CC /* GroupSearchController.swift in Sources */,
				842640041D49E85200DDBAD8 /* UserModel.swift in Sources */,
				8451293A1D4F08DE000DD6CC /* FavoriteControl.swift in Sources */,
				8426B1F31D569BE800D2EF7F /* EventModel.swift in Sources */,
				842640001D49E6E400DDBAD8 /* HomeController.swift in Sources */,
			);
			runOnlyForDeploymentPostprocessing = 0;
		};
		84CD6B641D459E6900696DE7 /* Sources */ = {
			isa = PBXSourcesBuildPhase;
			buildActionMask = 2147483647;
			files = (
				84263FFD1D4885DC00DDBAD8 /* RegisterController.swift in Sources */,
				845129291D4EA765000DD6CC /* GroupModel.swift in Sources */,
				8426B1FA1D571A0900D2EF7F /* EventController.swift in Sources */,
				84CD6B6D1D459E6900696DE7 /* MHSLifeTests.swift in Sources */,
				8426B2121D57DD2C00D2EF7F /* CreditsController.swift in Sources */,
				84900E851D4DEB880056D174 /* CalendarController.swift in Sources */,
				842640051D49E85200DDBAD8 /* UserModel.swift in Sources */,
				842640011D49E6E400DDBAD8 /* HomeController.swift in Sources */,
				845129251D4EA709000DD6CC /* GroupSearchController.swift in Sources */,
				8451292F1D4EB101000DD6CC /* GroupCell.swift in Sources */,
				8451293B1D4F08DE000DD6CC /* FavoriteControl.swift in Sources */,
			);
			runOnlyForDeploymentPostprocessing = 0;
		};
		84CD6B6F1D459E6900696DE7 /* Sources */ = {
			isa = PBXSourcesBuildPhase;
			buildActionMask = 2147483647;
			files = (
				84263FFE1D4885DC00DDBAD8 /* RegisterController.swift in Sources */,
				8451292A1D4EA765000DD6CC /* GroupModel.swift in Sources */,
				8426B1FB1D571A0900D2EF7F /* EventController.swift in Sources */,
				84CD6B781D459E6900696DE7 /* MHSLifeUITests.swift in Sources */,
				8426B2131D57DD2C00D2EF7F /* CreditsController.swift in Sources */,
				84900E861D4DEB880056D174 /* CalendarController.swift in Sources */,
				842640061D49E85200DDBAD8 /* UserModel.swift in Sources */,
				842640021D49E6E400DDBAD8 /* HomeController.swift in Sources */,
				845129261D4EA709000DD6CC /* GroupSearchController.swift in Sources */,
				845129301D4EB101000DD6CC /* GroupCell.swift in Sources */,
				8451293C1D4F08DE000DD6CC /* FavoriteControl.swift in Sources */,
			);
			runOnlyForDeploymentPostprocessing = 0;
		};
/* End PBXSourcesBuildPhase section */

/* Begin PBXTargetDependency section */
		84CD6B6A1D459E6900696DE7 /* PBXTargetDependency */ = {
			isa = PBXTargetDependency;
			target = 84CD6B501D459E6500696DE7 /* MHSLife */;
			targetProxy = 84CD6B691D459E6900696DE7 /* PBXContainerItemProxy */;
		};
		84CD6B751D459E6900696DE7 /* PBXTargetDependency */ = {
			isa = PBXTargetDependency;
			target = 84CD6B501D459E6500696DE7 /* MHSLife */;
			targetProxy = 84CD6B741D459E6900696DE7 /* PBXContainerItemProxy */;
		};
/* End PBXTargetDependency section */

/* Begin PBXVariantGroup section */
		84CD6B581D459E6800696DE7 /* Main.storyboard */ = {
			isa = PBXVariantGroup;
			children = (
				84CD6B591D459E6800696DE7 /* Base */,
			);
			name = Main.storyboard;
			sourceTree = "<group>";
		};
		84CD6B601D459E6800696DE7 /* LaunchScreen.storyboard */ = {
			isa = PBXVariantGroup;
			children = (
				84CD6B611D459E6800696DE7 /* Base */,
			);
			name = LaunchScreen.storyboard;
			sourceTree = "<group>";
		};
/* End PBXVariantGroup section */

/* Begin XCBuildConfiguration section */
		84CD6B7A1D459E6900696DE7 /* Debug */ = {
			isa = XCBuildConfiguration;
			buildSettings = {
				ALWAYS_SEARCH_USER_PATHS = NO;
				CLANG_ANALYZER_NONNULL = YES;
				CLANG_CXX_LANGUAGE_STANDARD = "gnu++0x";
				CLANG_CXX_LIBRARY = "libc++";
				CLANG_ENABLE_MODULES = YES;
				CLANG_ENABLE_OBJC_ARC = YES;
				CLANG_WARN_BOOL_CONVERSION = YES;
				CLANG_WARN_CONSTANT_CONVERSION = YES;
				CLANG_WARN_DIRECT_OBJC_ISA_USAGE = YES_ERROR;
				CLANG_WARN_EMPTY_BODY = YES;
				CLANG_WARN_ENUM_CONVERSION = YES;
				CLANG_WARN_INT_CONVERSION = YES;
				CLANG_WARN_OBJC_ROOT_CLASS = YES_ERROR;
				CLANG_WARN_UNREACHABLE_CODE = YES;
				CLANG_WARN__DUPLICATE_METHOD_MATCH = YES;
				"CODE_SIGN_IDENTITY[sdk=iphoneos*]" = "iPhone Developer";
				COPY_PHASE_STRIP = NO;
				DEBUG_INFORMATION_FORMAT = dwarf;
				ENABLE_STRICT_OBJC_MSGSEND = YES;
				ENABLE_TESTABILITY = YES;
				GCC_C_LANGUAGE_STANDARD = gnu99;
				GCC_DYNAMIC_NO_PIC = NO;
				GCC_NO_COMMON_BLOCKS = YES;
				GCC_OPTIMIZATION_LEVEL = 0;
				GCC_PREPROCESSOR_DEFINITIONS = (
					"DEBUG=1",
					"$(inherited)",
				);
				GCC_WARN_64_TO_32_BIT_CONVERSION = YES;
				GCC_WARN_ABOUT_RETURN_TYPE = YES_ERROR;
				GCC_WARN_UNDECLARED_SELECTOR = YES;
				GCC_WARN_UNINITIALIZED_AUTOS = YES_AGGRESSIVE;
				GCC_WARN_UNUSED_FUNCTION = YES;
				GCC_WARN_UNUSED_VARIABLE = YES;
				IPHONEOS_DEPLOYMENT_TARGET = 9.3;
				MTL_ENABLE_DEBUG_INFO = YES;
				ONLY_ACTIVE_ARCH = YES;
				SDKROOT = iphoneos;
				SWIFT_OPTIMIZATION_LEVEL = "-Onone";
			};
			name = Debug;
		};
		84CD6B7B1D459E6900696DE7 /* Release */ = {
			isa = XCBuildConfiguration;
			buildSettings = {
				ALWAYS_SEARCH_USER_PATHS = NO;
				CLANG_ANALYZER_NONNULL = YES;
				CLANG_CXX_LANGUAGE_STANDARD = "gnu++0x";
				CLANG_CXX_LIBRARY = "libc++";
				CLANG_ENABLE_MODULES = YES;
				CLANG_ENABLE_OBJC_ARC = YES;
				CLANG_WARN_BOOL_CONVERSION = YES;
				CLANG_WARN_CONSTANT_CONVERSION = YES;
				CLANG_WARN_DIRECT_OBJC_ISA_USAGE = YES_ERROR;
				CLANG_WARN_EMPTY_BODY = YES;
				CLANG_WARN_ENUM_CONVERSION = YES;
				CLANG_WARN_INT_CONVERSION = YES;
				CLANG_WARN_OBJC_ROOT_CLASS = YES_ERROR;
				CLANG_WARN_UNREACHABLE_CODE = YES;
				CLANG_WARN__DUPLICATE_METHOD_MATCH = YES;
				"CODE_SIGN_IDENTITY[sdk=iphoneos*]" = "iPhone Developer";
				COPY_PHASE_STRIP = NO;
				DEBUG_INFORMATION_FORMAT = "dwarf-with-dsym";
				ENABLE_NS_ASSERTIONS = NO;
				ENABLE_STRICT_OBJC_MSGSEND = YES;
				GCC_C_LANGUAGE_STANDARD = gnu99;
				GCC_NO_COMMON_BLOCKS = YES;
				GCC_WARN_64_TO_32_BIT_CONVERSION = YES;
				GCC_WARN_ABOUT_RETURN_TYPE = YES_ERROR;
				GCC_WARN_UNDECLARED_SELECTOR = YES;
				GCC_WARN_UNINITIALIZED_AUTOS = YES_AGGRESSIVE;
				GCC_WARN_UNUSED_FUNCTION = YES;
				GCC_WARN_UNUSED_VARIABLE = YES;
				IPHONEOS_DEPLOYMENT_TARGET = 9.3;
				MTL_ENABLE_DEBUG_INFO = NO;
				SDKROOT = iphoneos;
				VALIDATE_PRODUCT = YES;
			};
			name = Release;
		};
		84CD6B7D1D459E6900696DE7 /* Debug */ = {
			isa = XCBuildConfiguration;
			baseConfigurationReference = 2509E68B183C90AB41EBFEB7 /* Pods-MHSLife.debug.xcconfig */;
			buildSettings = {
				ASSETCATALOG_COMPILER_APPICON_NAME = AppIcon;
				CODE_SIGN_IDENTITY = "iPhone Distribution";
				INFOPLIST_FILE = MHSLife/Info.plist;
				LD_RUNPATH_SEARCH_PATHS = "$(inherited) @executable_path/Frameworks";
				PRODUCT_BUNDLE_IDENTIFIER = com.bobchen.MHSLife;
				PRODUCT_NAME = "$(TARGET_NAME)";
			};
			name = Debug;
		};
		84CD6B7E1D459E6900696DE7 /* Release */ = {
			isa = XCBuildConfiguration;
			baseConfigurationReference = 546229BD17D92126D34F6C65 /* Pods-MHSLife.release.xcconfig */;
			buildSettings = {
				ASSETCATALOG_COMPILER_APPICON_NAME = AppIcon;
				CODE_SIGN_IDENTITY = "iPhone Distribution";
				INFOPLIST_FILE = MHSLife/Info.plist;
				LD_RUNPATH_SEARCH_PATHS = "$(inherited) @executable_path/Frameworks";
				PRODUCT_BUNDLE_IDENTIFIER = com.bobchen.MHSLife;
				PRODUCT_NAME = "$(TARGET_NAME)";
			};
			name = Release;
		};
		84CD6B801D459E6900696DE7 /* Debug */ = {
			isa = XCBuildConfiguration;
			buildSettings = {
				BUNDLE_LOADER = "$(TEST_HOST)";
				INFOPLIST_FILE = MHSLifeTests/Info.plist;
				LD_RUNPATH_SEARCH_PATHS = "$(inherited) @executable_path/Frameworks @loader_path/Frameworks";
				PRODUCT_BUNDLE_IDENTIFIER = com.bobchen.MHSLifeTests;
				PRODUCT_NAME = "$(TARGET_NAME)";
				TEST_HOST = "$(BUILT_PRODUCTS_DIR)/MHSLife.app/MHSLife";
			};
			name = Debug;
		};
		84CD6B811D459E6900696DE7 /* Release */ = {
			isa = XCBuildConfiguration;
			buildSettings = {
				BUNDLE_LOADER = "$(TEST_HOST)";
				INFOPLIST_FILE = MHSLifeTests/Info.plist;
				LD_RUNPATH_SEARCH_PATHS = "$(inherited) @executable_path/Frameworks @loader_path/Frameworks";
				PRODUCT_BUNDLE_IDENTIFIER = com.bobchen.MHSLifeTests;
				PRODUCT_NAME = "$(TARGET_NAME)";
				TEST_HOST = "$(BUILT_PRODUCTS_DIR)/MHSLife.app/MHSLife";
			};
			name = Release;
		};
		84CD6B831D459E6900696DE7 /* Debug */ = {
			isa = XCBuildConfiguration;
			buildSettings = {
				INFOPLIST_FILE = MHSLifeUITests/Info.plist;
				LD_RUNPATH_SEARCH_PATHS = "$(inherited) @executable_path/Frameworks @loader_path/Frameworks";
				PRODUCT_BUNDLE_IDENTIFIER = com.bobchen.MHSLifeUITests;
				PRODUCT_NAME = "$(TARGET_NAME)";
				TEST_TARGET_NAME = MHSLife;
			};
			name = Debug;
		};
		84CD6B841D459E6900696DE7 /* Release */ = {
			isa = XCBuildConfiguration;
			buildSettings = {
				INFOPLIST_FILE = MHSLifeUITests/Info.plist;
				LD_RUNPATH_SEARCH_PATHS = "$(inherited) @executable_path/Frameworks @loader_path/Frameworks";
				PRODUCT_BUNDLE_IDENTIFIER = com.bobchen.MHSLifeUITests;
				PRODUCT_NAME = "$(TARGET_NAME)";
				TEST_TARGET_NAME = MHSLife;
			};
			name = Release;
		};
/* End XCBuildConfiguration section */

/* Begin XCConfigurationList section */
		84CD6B4C1D459E6400696DE7 /* Build configuration list for PBXProject "MHSLife" */ = {
			isa = XCConfigurationList;
			buildConfigurations = (
				84CD6B7A1D459E6900696DE7 /* Debug */,
				84CD6B7B1D459E6900696DE7 /* Release */,
			);
			defaultConfigurationIsVisible = 0;
			defaultConfigurationName = Release;
		};
		84CD6B7C1D459E6900696DE7 /* Build configuration list for PBXNativeTarget "MHSLife" */ = {
			isa = XCConfigurationList;
			buildConfigurations = (
				84CD6B7D1D459E6900696DE7 /* Debug */,
				84CD6B7E1D459E6900696DE7 /* Release */,
			);
			defaultConfigurationIsVisible = 0;
			defaultConfigurationName = Release;
		};
		84CD6B7F1D459E6900696DE7 /* Build configuration list for PBXNativeTarget "MHSLifeTests" */ = {
			isa = XCConfigurationList;
			buildConfigurations = (
				84CD6B801D459E6900696DE7 /* Debug */,
				84CD6B811D459E6900696DE7 /* Release */,
			);
			defaultConfigurationIsVisible = 0;
			defaultConfigurationName = Release;
		};
		84CD6B821D459E6900696DE7 /* Build configuration list for PBXNativeTarget "MHSLifeUITests" */ = {
			isa = XCConfigurationList;
			buildConfigurations = (
				84CD6B831D459E6900696DE7 /* Debug */,
				84CD6B841D459E6900696DE7 /* Release */,
			);
			defaultConfigurationIsVisible = 0;
			defaultConfigurationName = Release;
		};
/* End XCConfigurationList section */

/* Begin XCVersionGroup section */
		84CD6B5B1D459E6800696DE7 /* MHSLife.xcdatamodeld */ = {
			isa = XCVersionGroup;
			children = (
				84CD6B5C1D459E6800696DE7 /* MHSLife.xcdatamodel */,
			);
			currentVersion = 84CD6B5C1D459E6800696DE7 /* MHSLife.xcdatamodel */;
			path = MHSLife.xcdatamodeld;
			sourceTree = "<group>";
			versionGroupType = wrapper.xcdatamodel;
		};
/* End XCVersionGroup section */
	};
	rootObject = 84CD6B491D459E6400696DE7 /* Project object */;
}
